
Microsoft Visual Studio Solution File, Format Version 12.00
# Visual Studio Version 16
VisualStudioVersion = 16.0.30611.23
MinimumVisualStudioVersion = 10.0.40219.1
Project("{FAE04EC0-301F-11D3-BF4B-00C04F79EFBC}") = "Apstrakcija", "Apstrakcija\Apstrakcija.csproj", "{6963CA13-C216-4BCD-BA53-D3075A733DF0}"
EndProject
Project("{FAE04EC0-301F-11D3-BF4B-00C04F79EFBC}") = "Polimorfizam", "Polimorfizam\Polimorfizam.csproj", "{52BBB2A2-B758-4082-A10F-E73B69BDB3D0}"
EndProject
Project("{FAE04EC0-301F-11D3-BF4B-00C04F79EFBC}") = "Enkapsulacija", "Enkapsulacija\Enkapsulacija.csproj", "{97082CA3-39E3-40F4-82CA-48065906E1E4}"
EndProject
Project("{FAE04EC0-301F-11D3-BF4B-00C04F79EFBC}") = "Nasljeđivanje", "Nasljedjivanje\Nasljeđivanje.csproj", "{71FC02A2-48C2-4D4D-A7B2-66FBCA09F58C}"
EndProject
Global
	GlobalSection(SolutionConfigurationPlatforms) = preSolution
		Debug|Any CPU = Debug|Any CPU
		Release|Any CPU = Release|Any CPU
	EndGlobalSection
	GlobalSection(ProjectConfigurationPlatforms) = postSolution
		{6963CA13-C216-4BCD-BA53-D3075A733DF0}.Debug|Any CPU.ActiveCfg = Debug|Any CPU
		{6963CA13-C216-4BCD-BA53-D3075A733DF0}.Debug|Any CPU.Build.0 = Debug|Any CPU
		{6963CA13-C216-4BCD-BA53-D3075A733DF0}.Release|Any CPU.ActiveCfg = Release|Any CPU
		{6963CA13-C216-4BCD-BA53-D3075A733DF0}.Release|Any CPU.Build.0 = Release|Any CPU
		{52BBB2A2-B758-4082-A10F-E73B69BDB3D0}.Debug|Any CPU.ActiveCfg = Debug|Any CPU
		{52BBB2A2-B758-4082-A10F-E73B69BDB3D0}.Debug|Any CPU.Build.0 = Debug|Any CPU
		{52BBB2A2-B758-4082-A10F-E73B69BDB3D0}.Release|Any CPU.ActiveCfg = Release|Any CPU
		{52BBB2A2-B758-4082-A10F-E73B69BDB3D0}.Release|Any CPU.Build.0 = Release|Any CPU
		{97082CA3-39E3-40F4-82CA-48065906E1E4}.Debug|Any CPU.ActiveCfg = Debug|Any CPU
		{97082CA3-39E3-40F4-82CA-48065906E1E4}.Debug|Any CPU.Build.0 = Debug|Any CPU
		{97082CA3-39E3-40F4-82CA-48065906E1E4}.Release|Any CPU.ActiveCfg = Release|Any CPU
		{97082CA3-39E3-40F4-82CA-48065906E1E4}.Release|Any CPU.Build.0 = Release|Any CPU
		{71FC02A2-48C2-4D4D-A7B2-66FBCA09F58C}.Debug|Any CPU.ActiveCfg = Debug|Any CPU
		{71FC02A2-48C2-4D4D-A7B2-66FBCA09F58C}.Debug|Any CPU.Build.0 = Debug|Any CPU
		{71FC02A2-48C2-4D4D-A7B2-66FBCA09F58C}.Release|Any CPU.ActiveCfg = Release|Any CPU
		{71FC02A2-48C2-4D4D-A7B2-66FBCA09F58C}.Release|Any CPU.Build.0 = Release|Any CPU
	EndGlobalSection
	GlobalSection(SolutionProperties) = preSolution
		HideSolutionNode = FALSE
	EndGlobalSection
	GlobalSection(ExtensibilityGlobals) = postSolution
		SolutionGuid = {734FA3CF-12A0-45D5-8D9E-C2A222D815C7}
	EndGlobalSection
EndGlobal
